
Microsoft Visual Studio Solution File, Format Version 12.00
# Visual Studio Version 17
Project("{8BC9CEB8-8B4A-11D0-8D11-00A0C91BC942}") = "ALL_BUILD", "ALL_BUILD.vcxproj", "{2DB9D4E5-23D5-31E3-BB55-BCCC85F9BB56}"
	ProjectSection(ProjectDependencies) = postProject
		{FF9B7475-AA4F-3531-98B6-A115AD23436C} = {FF9B7475-AA4F-3531-98B6-A115AD23436C}
		{F879F7F9-37FB-34A4-B365-EDF8C98C1117} = {F879F7F9-37FB-34A4-B365-EDF8C98C1117}
		{0401CEE2-3A96-30EE-B118-AEF445E9ED01} = {0401CEE2-3A96-30EE-B118-AEF445E9ED01}
		{60DA0473-632D-3C0A-8CD3-079F3C899217} = {60DA0473-632D-3C0A-8CD3-079F3C899217}
		{73AD5A11-BFE9-3B30-B236-B0DAE8D80B94} = {73AD5A11-BFE9-3B30-B236-B0DAE8D80B94}
		{2CD289FC-1150-3B01-A074-590D4F54B12D} = {2CD289FC-1150-3B01-A074-590D4F54B12D}
		{FCEA4681-2906-3210-BB9B-929E665BB5D0} = {FCEA4681-2906-3210-BB9B-929E665BB5D0}
		{1C1D2A32-A5C1-3B46-A35A-36940023AD36} = {1C1D2A32-A5C1-3B46-A35A-36940023AD36}
		{C3DBFFA9-1290-3B3C-8548-4EF15285B094} = {C3DBFFA9-1290-3B3C-8548-4EF15285B094}
		{1C7E0401-3E3E-3950-BE12-832FB9D0602F} = {1C7E0401-3E3E-3950-BE12-832FB9D0602F}
		{BA10C406-CF69-3559-BD42-0FDBAF78DF67} = {BA10C406-CF69-3559-BD42-0FDBAF78DF67}
		{6C4F8845-5835-3A23-854D-7CF0C07AE54F} = {6C4F8845-5835-3A23-854D-7CF0C07AE54F}
		{E73025AF-DDE3-345D-B29E-0B456D2A834A} = {E73025AF-DDE3-345D-B29E-0B456D2A834A}
		{1FD76D68-F29B-38C4-9FF7-D0C4031EB3A5} = {1FD76D68-F29B-38C4-9FF7-D0C4031EB3A5}
		{469E5E18-21F5-387C-8F3A-1E9C50874087} = {469E5E18-21F5-387C-8F3A-1E9C50874087}
	EndProjectSection
EndProject
Project("{8BC9CEB8-8B4A-11D0-8D11-00A0C91BC942}") = "7zip", "Source\3rdParty\7zip\7zip.vcxproj", "{FF9B7475-AA4F-3531-98B6-A115AD23436C}"
	ProjectSection(ProjectDependencies) = postProject
		{BA10C406-CF69-3559-BD42-0FDBAF78DF67} = {BA10C406-CF69-3559-BD42-0FDBAF78DF67}
	EndProjectSection
EndProject
Project("{8BC9CEB8-8B4A-11D0-8D11-00A0C91BC942}") = "Common", "Source\Common\Common.vcxproj", "{F879F7F9-37FB-34A4-B365-EDF8C98C1117}"
	ProjectSection(ProjectDependencies) = postProject
		{BA10C406-CF69-3559-BD42-0FDBAF78DF67} = {BA10C406-CF69-3559-BD42-0FDBAF78DF67}
	EndProjectSection
EndProject
Project("{8BC9CEB8-8B4A-11D0-8D11-00A0C91BC942}") = "INSTALL", "INSTALL.vcxproj", "{E3E931B0-9A92-34DE-ABD9-6FFB948AA27E}"
	ProjectSection(ProjectDependencies) = postProject
		{2DB9D4E5-23D5-31E3-BB55-BCCC85F9BB56} = {2DB9D4E5-23D5-31E3-BB55-BCCC85F9BB56}
		{BA10C406-CF69-3559-BD42-0FDBAF78DF67} = {BA10C406-CF69-3559-BD42-0FDBAF78DF67}
	EndProjectSection
EndProject
Project("{8BC9CEB8-8B4A-11D0-8D11-00A0C91BC942}") = "NRage-v2", "Source\nragev20\NRage-v2.vcxproj", "{0401CEE2-3A96-30EE-B118-AEF445E9ED01}"
	ProjectSection(ProjectDependencies) = postProject
		{F879F7F9-37FB-34A4-B365-EDF8C98C1117} = {F879F7F9-37FB-34A4-B365-EDF8C98C1117}
		{1C7E0401-3E3E-3950-BE12-832FB9D0602F} = {1C7E0401-3E3E-3950-BE12-832FB9D0602F}
		{BA10C406-CF69-3559-BD42-0FDBAF78DF67} = {BA10C406-CF69-3559-BD42-0FDBAF78DF67}
	EndProjectSection
EndProject
Project("{8BC9CEB8-8B4A-11D0-8D11-00A0C91BC942}") = "PACKAGE", "PACKAGE.vcxproj", "{D1A18CA5-5FBD-3D2A-BC60-2BE1BB5F3735}"
	ProjectSection(ProjectDependencies) = postProject
		{2DB9D4E5-23D5-31E3-BB55-BCCC85F9BB56} = {2DB9D4E5-23D5-31E3-BB55-BCCC85F9BB56}
		{BA10C406-CF69-3559-BD42-0FDBAF78DF67} = {BA10C406-CF69-3559-BD42-0FDBAF78DF67}
	EndProjectSection
EndProject
Project("{8BC9CEB8-8B4A-11D0-8D11-00A0C91BC942}") = "Project64-Audio", "Source\Project64-audio\Project64-Audio.vcxproj", "{60DA0473-632D-3C0A-8CD3-079F3C899217}"
	ProjectSection(ProjectDependencies) = postProject
		{F879F7F9-37FB-34A4-B365-EDF8C98C1117} = {F879F7F9-37FB-34A4-B365-EDF8C98C1117}
		{1C7E0401-3E3E-3950-BE12-832FB9D0602F} = {1C7E0401-3E3E-3950-BE12-832FB9D0602F}
		{BA10C406-CF69-3559-BD42-0FDBAF78DF67} = {BA10C406-CF69-3559-BD42-0FDBAF78DF67}
	EndProjectSection
EndProject
Project("{8BC9CEB8-8B4A-11D0-8D11-00A0C91BC942}") = "Project64-EM", "Source\Project64\Project64-EM.vcxproj", "{73AD5A11-BFE9-3B30-B236-B0DAE8D80B94}"
	ProjectSection(ProjectDependencies) = postProject
		{FF9B7475-AA4F-3531-98B6-A115AD23436C} = {FF9B7475-AA4F-3531-98B6-A115AD23436C}
		{F879F7F9-37FB-34A4-B365-EDF8C98C1117} = {F879F7F9-37FB-34A4-B365-EDF8C98C1117}
		{FCEA4681-2906-3210-BB9B-929E665BB5D0} = {FCEA4681-2906-3210-BB9B-929E665BB5D0}
		{BA10C406-CF69-3559-BD42-0FDBAF78DF67} = {BA10C406-CF69-3559-BD42-0FDBAF78DF67}
		{6C4F8845-5835-3A23-854D-7CF0C07AE54F} = {6C4F8845-5835-3A23-854D-7CF0C07AE54F}
		{E73025AF-DDE3-345D-B29E-0B456D2A834A} = {E73025AF-DDE3-345D-B29E-0B456D2A834A}
		{1FD76D68-F29B-38C4-9FF7-D0C4031EB3A5} = {1FD76D68-F29B-38C4-9FF7-D0C4031EB3A5}
		{469E5E18-21F5-387C-8F3A-1E9C50874087} = {469E5E18-21F5-387C-8F3A-1E9C50874087}
	EndProjectSection
EndProject
Project("{8BC9CEB8-8B4A-11D0-8D11-00A0C91BC942}") = "Project64-Input", "Source\Project64-input\Project64-Input.vcxproj", "{2CD289FC-1150-3B01-A074-590D4F54B12D}"
	ProjectSection(ProjectDependencies) = postProject
		{F879F7F9-37FB-34A4-B365-EDF8C98C1117} = {F879F7F9-37FB-34A4-B365-EDF8C98C1117}
		{1C7E0401-3E3E-3950-BE12-832FB9D0602F} = {1C7E0401-3E3E-3950-BE12-832FB9D0602F}
		{BA10C406-CF69-3559-BD42-0FDBAF78DF67} = {BA10C406-CF69-3559-BD42-0FDBAF78DF67}
	EndProjectSection
EndProject
Project("{8BC9CEB8-8B4A-11D0-8D11-00A0C91BC942}") = "Project64-core", "Source\Project64-core\Project64-core.vcxproj", "{FCEA4681-2906-3210-BB9B-929E665BB5D0}"
	ProjectSection(ProjectDependencies) = postProject
		{BA10C406-CF69-3559-BD42-0FDBAF78DF67} = {BA10C406-CF69-3559-BD42-0FDBAF78DF67}
		{1FD76D68-F29B-38C4-9FF7-D0C4031EB3A5} = {1FD76D68-F29B-38C4-9FF7-D0C4031EB3A5}
	EndProjectSection
EndProject
Project("{8BC9CEB8-8B4A-11D0-8D11-00A0C91BC942}") = "Project64_Data", "Source\Project64\Project64_Data.vcxproj", "{1C1D2A32-A5C1-3B46-A35A-36940023AD36}"
	ProjectSection(ProjectDependencies) = postProject
		{BA10C406-CF69-3559-BD42-0FDBAF78DF67} = {BA10C406-CF69-3559-BD42-0FDBAF78DF67}
	EndProjectSection
EndProject
Project("{8BC9CEB8-8B4A-11D0-8D11-00A0C91BC942}") = "RSP", "Source\RSP\RSP.vcxproj", "{C3DBFFA9-1290-3B3C-8548-4EF15285B094}"
	ProjectSection(ProjectDependencies) = postProject
		{F879F7F9-37FB-34A4-B365-EDF8C98C1117} = {F879F7F9-37FB-34A4-B365-EDF8C98C1117}
		{1C7E0401-3E3E-3950-BE12-832FB9D0602F} = {1C7E0401-3E3E-3950-BE12-832FB9D0602F}
		{BA10C406-CF69-3559-BD42-0FDBAF78DF67} = {BA10C406-CF69-3559-BD42-0FDBAF78DF67}
	EndProjectSection
EndProject
Project("{8BC9CEB8-8B4A-11D0-8D11-00A0C91BC942}") = "Settings", "Source\Settings\Settings.vcxproj", "{1C7E0401-3E3E-3950-BE12-832FB9D0602F}"
	ProjectSection(ProjectDependencies) = postProject
		{BA10C406-CF69-3559-BD42-0FDBAF78DF67} = {BA10C406-CF69-3559-BD42-0FDBAF78DF67}
	EndProjectSection
EndProject
Project("{8BC9CEB8-8B4A-11D0-8D11-00A0C91BC942}") = "ZERO_CHECK", "ZERO_CHECK.vcxproj", "{BA10C406-CF69-3559-BD42-0FDBAF78DF67}"
	ProjectSection(ProjectDependencies) = postProject
	EndProjectSection
EndProject
Project("{8BC9CEB8-8B4A-11D0-8D11-00A0C91BC942}") = "discord-rpc", "Source\3rdParty\discord-rpc\discord-rpc.vcxproj", "{6C4F8845-5835-3A23-854D-7CF0C07AE54F}"
	ProjectSection(ProjectDependencies) = postProject
		{BA10C406-CF69-3559-BD42-0FDBAF78DF67} = {BA10C406-CF69-3559-BD42-0FDBAF78DF67}
	EndProjectSection
EndProject
Project("{8BC9CEB8-8B4A-11D0-8D11-00A0C91BC942}") = "ep_lua", "vendor\lua\ep_lua.vcxproj", "{E73025AF-DDE3-345D-B29E-0B456D2A834A}"
	ProjectSection(ProjectDependencies) = postProject
		{BA10C406-CF69-3559-BD42-0FDBAF78DF67} = {BA10C406-CF69-3559-BD42-0FDBAF78DF67}
	EndProjectSection
EndProject
Project("{8BC9CEB8-8B4A-11D0-8D11-00A0C91BC942}") = "ep_minizip", "vendor\minizip\ep_minizip.vcxproj", "{1FD76D68-F29B-38C4-9FF7-D0C4031EB3A5}"
	ProjectSection(ProjectDependencies) = postProject
		{BA10C406-CF69-3559-BD42-0FDBAF78DF67} = {BA10C406-CF69-3559-BD42-0FDBAF78DF67}
		{469E5E18-21F5-387C-8F3A-1E9C50874087} = {469E5E18-21F5-387C-8F3A-1E9C50874087}
	EndProjectSection
EndProject
Project("{8BC9CEB8-8B4A-11D0-8D11-00A0C91BC942}") = "ep_zlib", "vendor\zlib\ep_zlib.vcxproj", "{469E5E18-21F5-387C-8F3A-1E9C50874087}"
	ProjectSection(ProjectDependencies) = postProject
		{BA10C406-CF69-3559-BD42-0FDBAF78DF67} = {BA10C406-CF69-3559-BD42-0FDBAF78DF67}
	EndProjectSection
EndProject
Global
	GlobalSection(SolutionConfigurationPlatforms) = preSolution
		Debug|x64 = Debug|x64
		Release|x64 = Release|x64
		MinSizeRel|x64 = MinSizeRel|x64
		RelWithDebInfo|x64 = RelWithDebInfo|x64
	EndGlobalSection
	GlobalSection(ProjectConfigurationPlatforms) = postSolution
		{2DB9D4E5-23D5-31E3-BB55-BCCC85F9BB56}.Debug|x64.ActiveCfg = Debug|x64
		{2DB9D4E5-23D5-31E3-BB55-BCCC85F9BB56}.Debug|x64.Build.0 = Debug|x64
		{2DB9D4E5-23D5-31E3-BB55-BCCC85F9BB56}.Release|x64.ActiveCfg = Release|x64
		{2DB9D4E5-23D5-31E3-BB55-BCCC85F9BB56}.Release|x64.Build.0 = Release|x64
		{2DB9D4E5-23D5-31E3-BB55-BCCC85F9BB56}.MinSizeRel|x64.ActiveCfg = MinSizeRel|x64
		{2DB9D4E5-23D5-31E3-BB55-BCCC85F9BB56}.MinSizeRel|x64.Build.0 = MinSizeRel|x64
		{2DB9D4E5-23D5-31E3-BB55-BCCC85F9BB56}.RelWithDebInfo|x64.ActiveCfg = RelWithDebInfo|x64
		{2DB9D4E5-23D5-31E3-BB55-BCCC85F9BB56}.RelWithDebInfo|x64.Build.0 = RelWithDebInfo|x64
		{FF9B7475-AA4F-3531-98B6-A115AD23436C}.Debug|x64.ActiveCfg = Debug|x64
		{FF9B7475-AA4F-3531-98B6-A115AD23436C}.Debug|x64.Build.0 = Debug|x64
		{FF9B7475-AA4F-3531-98B6-A115AD23436C}.Release|x64.ActiveCfg = Release|x64
		{FF9B7475-AA4F-3531-98B6-A115AD23436C}.Release|x64.Build.0 = Release|x64
		{FF9B7475-AA4F-3531-98B6-A115AD23436C}.MinSizeRel|x64.ActiveCfg = MinSizeRel|x64
		{FF9B7475-AA4F-3531-98B6-A115AD23436C}.MinSizeRel|x64.Build.0 = MinSizeRel|x64
		{FF9B7475-AA4F-3531-98B6-A115AD23436C}.RelWithDebInfo|x64.ActiveCfg = RelWithDebInfo|x64
		{FF9B7475-AA4F-3531-98B6-A115AD23436C}.RelWithDebInfo|x64.Build.0 = RelWithDebInfo|x64
		{F879F7F9-37FB-34A4-B365-EDF8C98C1117}.Debug|x64.ActiveCfg = Debug|x64
		{F879F7F9-37FB-34A4-B365-EDF8C98C1117}.Debug|x64.Build.0 = Debug|x64
		{F879F7F9-37FB-34A4-B365-EDF8C98C1117}.Release|x64.ActiveCfg = Release|x64
		{F879F7F9-37FB-34A4-B365-EDF8C98C1117}.Release|x64.Build.0 = Release|x64
		{F879F7F9-37FB-34A4-B365-EDF8C98C1117}.MinSizeRel|x64.ActiveCfg = MinSizeRel|x64
		{F879F7F9-37FB-34A4-B365-EDF8C98C1117}.MinSizeRel|x64.Build.0 = MinSizeRel|x64
		{F879F7F9-37FB-34A4-B365-EDF8C98C1117}.RelWithDebInfo|x64.ActiveCfg = RelWithDebInfo|x64
		{F879F7F9-37FB-34A4-B365-EDF8C98C1117}.RelWithDebInfo|x64.Build.0 = RelWithDebInfo|x64
		{E3E931B0-9A92-34DE-ABD9-6FFB948AA27E}.Debug|x64.ActiveCfg = Debug|x64
		{E3E931B0-9A92-34DE-ABD9-6FFB948AA27E}.Release|x64.ActiveCfg = Release|x64
		{E3E931B0-9A92-34DE-ABD9-6FFB948AA27E}.MinSizeRel|x64.ActiveCfg = MinSizeRel|x64
		{E3E931B0-9A92-34DE-ABD9-6FFB948AA27E}.RelWithDebInfo|x64.ActiveCfg = RelWithDebInfo|x64
		{0401CEE2-3A96-30EE-B118-AEF445E9ED01}.Debug|x64.ActiveCfg = Debug|x64
		{0401CEE2-3A96-30EE-B118-AEF445E9ED01}.Debug|x64.Build.0 = Debug|x64
		{0401CEE2-3A96-30EE-B118-AEF445E9ED01}.Release|x64.ActiveCfg = Release|x64
		{0401CEE2-3A96-30EE-B118-AEF445E9ED01}.Release|x64.Build.0 = Release|x64
		{0401CEE2-3A96-30EE-B118-AEF445E9ED01}.MinSizeRel|x64.ActiveCfg = MinSizeRel|x64
		{0401CEE2-3A96-30EE-B118-AEF445E9ED01}.MinSizeRel|x64.Build.0 = MinSizeRel|x64
		{0401CEE2-3A96-30EE-B118-AEF445E9ED01}.RelWithDebInfo|x64.ActiveCfg = RelWithDebInfo|x64
		{0401CEE2-3A96-30EE-B118-AEF445E9ED01}.RelWithDebInfo|x64.Build.0 = RelWithDebInfo|x64
		{D1A18CA5-5FBD-3D2A-BC60-2BE1BB5F3735}.Debug|x64.ActiveCfg = Debug|x64
		{D1A18CA5-5FBD-3D2A-BC60-2BE1BB5F3735}.Release|x64.ActiveCfg = Release|x64
		{D1A18CA5-5FBD-3D2A-BC60-2BE1BB5F3735}.MinSizeRel|x64.ActiveCfg = MinSizeRel|x64
		{D1A18CA5-5FBD-3D2A-BC60-2BE1BB5F3735}.RelWithDebInfo|x64.ActiveCfg = RelWithDebInfo|x64
		{60DA0473-632D-3C0A-8CD3-079F3C899217}.Debug|x64.ActiveCfg = Debug|x64
		{60DA0473-632D-3C0A-8CD3-079F3C899217}.Debug|x64.Build.0 = Debug|x64
		{60DA0473-632D-3C0A-8CD3-079F3C899217}.Release|x64.ActiveCfg = Release|x64
		{60DA0473-632D-3C0A-8CD3-079F3C899217}.Release|x64.Build.0 = Release|x64
		{60DA0473-632D-3C0A-8CD3-079F3C899217}.MinSizeRel|x64.ActiveCfg = MinSizeRel|x64
		{60DA0473-632D-3C0A-8CD3-079F3C899217}.MinSizeRel|x64.Build.0 = MinSizeRel|x64
		{60DA0473-632D-3C0A-8CD3-079F3C899217}.RelWithDebInfo|x64.ActiveCfg = RelWithDebInfo|x64
		{60DA0473-632D-3C0A-8CD3-079F3C899217}.RelWithDebInfo|x64.Build.0 = RelWithDebInfo|x64
		{73AD5A11-BFE9-3B30-B236-B0DAE8D80B94}.Debug|x64.ActiveCfg = Debug|x64
		{73AD5A11-BFE9-3B30-B236-B0DAE8D80B94}.Debug|x64.Build.0 = Debug|x64
		{73AD5A11-BFE9-3B30-B236-B0DAE8D80B94}.Release|x64.ActiveCfg = Release|x64
		{73AD5A11-BFE9-3B30-B236-B0DAE8D80B94}.Release|x64.Build.0 = Release|x64
		{73AD5A11-BFE9-3B30-B236-B0DAE8D80B94}.MinSizeRel|x64.ActiveCfg = MinSizeRel|x64
		{73AD5A11-BFE9-3B30-B236-B0DAE8D80B94}.MinSizeRel|x64.Build.0 = MinSizeRel|x64
		{73AD5A11-BFE9-3B30-B236-B0DAE8D80B94}.RelWithDebInfo|x64.ActiveCfg = RelWithDebInfo|x64
		{73AD5A11-BFE9-3B30-B236-B0DAE8D80B94}.RelWithDebInfo|x64.Build.0 = RelWithDebInfo|x64
		{2CD289FC-1150-3B01-A074-590D4F54B12D}.Debug|x64.ActiveCfg = Debug|x64
		{2CD289FC-1150-3B01-A074-590D4F54B12D}.Debug|x64.Build.0 = Debug|x64
		{2CD289FC-1150-3B01-A074-590D4F54B12D}.Release|x64.ActiveCfg = Release|x64
		{2CD289FC-1150-3B01-A074-590D4F54B12D}.Release|x64.Build.0 = Release|x64
		{2CD289FC-1150-3B01-A074-590D4F54B12D}.MinSizeRel|x64.ActiveCfg = MinSizeRel|x64
		{2CD289FC-1150-3B01-A074-590D4F54B12D}.MinSizeRel|x64.Build.0 = MinSizeRel|x64
		{2CD289FC-1150-3B01-A074-590D4F54B12D}.RelWithDebInfo|x64.ActiveCfg = RelWithDebInfo|x64
		{2CD289FC-1150-3B01-A074-590D4F54B12D}.RelWithDebInfo|x64.Build.0 = RelWithDebInfo|x64
		{FCEA4681-2906-3210-BB9B-929E665BB5D0}.Debug|x64.ActiveCfg = Debug|x64
		{FCEA4681-2906-3210-BB9B-929E665BB5D0}.Debug|x64.Build.0 = Debug|x64
		{FCEA4681-2906-3210-BB9B-929E665BB5D0}.Release|x64.ActiveCfg = Release|x64
		{FCEA4681-2906-3210-BB9B-929E665BB5D0}.Release|x64.Build.0 = Release|x64
		{FCEA4681-2906-3210-BB9B-929E665BB5D0}.MinSizeRel|x64.ActiveCfg = MinSizeRel|x64
		{FCEA4681-2906-3210-BB9B-929E665BB5D0}.MinSizeRel|x64.Build.0 = MinSizeRel|x64
		{FCEA4681-2906-3210-BB9B-929E665BB5D0}.RelWithDebInfo|x64.ActiveCfg = RelWithDebInfo|x64
		{FCEA4681-2906-3210-BB9B-929E665BB5D0}.RelWithDebInfo|x64.Build.0 = RelWithDebInfo|x64
		{1C1D2A32-A5C1-3B46-A35A-36940023AD36}.Debug|x64.ActiveCfg = Debug|x64
		{1C1D2A32-A5C1-3B46-A35A-36940023AD36}.Debug|x64.Build.0 = Debug|x64
		{1C1D2A32-A5C1-3B46-A35A-36940023AD36}.Release|x64.ActiveCfg = Release|x64
		{1C1D2A32-A5C1-3B46-A35A-36940023AD36}.Release|x64.Build.0 = Release|x64
		{1C1D2A32-A5C1-3B46-A35A-36940023AD36}.MinSizeRel|x64.ActiveCfg = MinSizeRel|x64
		{1C1D2A32-A5C1-3B46-A35A-36940023AD36}.MinSizeRel|x64.Build.0 = MinSizeRel|x64
		{1C1D2A32-A5C1-3B46-A35A-36940023AD36}.RelWithDebInfo|x64.ActiveCfg = RelWithDebInfo|x64
		{1C1D2A32-A5C1-3B46-A35A-36940023AD36}.RelWithDebInfo|x64.Build.0 = RelWithDebInfo|x64
		{C3DBFFA9-1290-3B3C-8548-4EF15285B094}.Debug|x64.ActiveCfg = Debug|x64
		{C3DBFFA9-1290-3B3C-8548-4EF15285B094}.Debug|x64.Build.0 = Debug|x64
		{C3DBFFA9-1290-3B3C-8548-4EF15285B094}.Release|x64.ActiveCfg = Release|x64
		{C3DBFFA9-1290-3B3C-8548-4EF15285B094}.Release|x64.Build.0 = Release|x64
		{C3DBFFA9-1290-3B3C-8548-4EF15285B094}.MinSizeRel|x64.ActiveCfg = MinSizeRel|x64
		{C3DBFFA9-1290-3B3C-8548-4EF15285B094}.MinSizeRel|x64.Build.0 = MinSizeRel|x64
		{C3DBFFA9-1290-3B3C-8548-4EF15285B094}.RelWithDebInfo|x64.ActiveCfg = RelWithDebInfo|x64
		{C3DBFFA9-1290-3B3C-8548-4EF15285B094}.RelWithDebInfo|x64.Build.0 = RelWithDebInfo|x64
		{1C7E0401-3E3E-3950-BE12-832FB9D0602F}.Debug|x64.ActiveCfg = Debug|x64
		{1C7E0401-3E3E-3950-BE12-832FB9D0602F}.Debug|x64.Build.0 = Debug|x64
		{1C7E0401-3E3E-3950-BE12-832FB9D0602F}.Release|x64.ActiveCfg = Release|x64
		{1C7E0401-3E3E-3950-BE12-832FB9D0602F}.Release|x64.Build.0 = Release|x64
		{1C7E0401-3E3E-3950-BE12-832FB9D0602F}.MinSizeRel|x64.ActiveCfg = MinSizeRel|x64
		{1C7E0401-3E3E-3950-BE12-832FB9D0602F}.MinSizeRel|x64.Build.0 = MinSizeRel|x64
		{1C7E0401-3E3E-3950-BE12-832FB9D0602F}.RelWithDebInfo|x64.ActiveCfg = RelWithDebInfo|x64
		{1C7E0401-3E3E-3950-BE12-832FB9D0602F}.RelWithDebInfo|x64.Build.0 = RelWithDebInfo|x64
		{BA10C406-CF69-3559-BD42-0FDBAF78DF67}.Debug|x64.ActiveCfg = Debug|x64
		{BA10C406-CF69-3559-BD42-0FDBAF78DF67}.Debug|x64.Build.0 = Debug|x64
		{BA10C406-CF69-3559-BD42-0FDBAF78DF67}.Release|x64.ActiveCfg = Release|x64
		{BA10C406-CF69-3559-BD42-0FDBAF78DF67}.Release|x64.Build.0 = Release|x64
		{BA10C406-CF69-3559-BD42-0FDBAF78DF67}.MinSizeRel|x64.ActiveCfg = MinSizeRel|x64
		{BA10C406-CF69-3559-BD42-0FDBAF78DF67}.MinSizeRel|x64.Build.0 = MinSizeRel|x64
		{BA10C406-CF69-3559-BD42-0FDBAF78DF67}.RelWithDebInfo|x64.ActiveCfg = RelWithDebInfo|x64
		{BA10C406-CF69-3559-BD42-0FDBAF78DF67}.RelWithDebInfo|x64.Build.0 = RelWithDebInfo|x64
		{6C4F8845-5835-3A23-854D-7CF0C07AE54F}.Debug|x64.ActiveCfg = Debug|x64
		{6C4F8845-5835-3A23-854D-7CF0C07AE54F}.Debug|x64.Build.0 = Debug|x64
		{6C4F8845-5835-3A23-854D-7CF0C07AE54F}.Release|x64.ActiveCfg = Release|x64
		{6C4F8845-5835-3A23-854D-7CF0C07AE54F}.Release|x64.Build.0 = Release|x64
		{6C4F8845-5835-3A23-854D-7CF0C07AE54F}.MinSizeRel|x64.ActiveCfg = MinSizeRel|x64
		{6C4F8845-5835-3A23-854D-7CF0C07AE54F}.MinSizeRel|x64.Build.0 = MinSizeRel|x64
		{6C4F8845-5835-3A23-854D-7CF0C07AE54F}.RelWithDebInfo|x64.ActiveCfg = RelWithDebInfo|x64
		{6C4F8845-5835-3A23-854D-7CF0C07AE54F}.RelWithDebInfo|x64.Build.0 = RelWithDebInfo|x64
		{E73025AF-DDE3-345D-B29E-0B456D2A834A}.Debug|x64.ActiveCfg = Debug|x64
		{E73025AF-DDE3-345D-B29E-0B456D2A834A}.Debug|x64.Build.0 = Debug|x64
		{E73025AF-DDE3-345D-B29E-0B456D2A834A}.Release|x64.ActiveCfg = Release|x64
		{E73025AF-DDE3-345D-B29E-0B456D2A834A}.Release|x64.Build.0 = Release|x64
		{E73025AF-DDE3-345D-B29E-0B456D2A834A}.MinSizeRel|x64.ActiveCfg = MinSizeRel|x64
		{E73025AF-DDE3-345D-B29E-0B456D2A834A}.MinSizeRel|x64.Build.0 = MinSizeRel|x64
		{E73025AF-DDE3-345D-B29E-0B456D2A834A}.RelWithDebInfo|x64.ActiveCfg = RelWithDebInfo|x64
		{E73025AF-DDE3-345D-B29E-0B456D2A834A}.RelWithDebInfo|x64.Build.0 = RelWithDebInfo|x64
		{1FD76D68-F29B-38C4-9FF7-D0C4031EB3A5}.Debug|x64.ActiveCfg = Debug|x64
		{1FD76D68-F29B-38C4-9FF7-D0C4031EB3A5}.Debug|x64.Build.0 = Debug|x64
		{1FD76D68-F29B-38C4-9FF7-D0C4031EB3A5}.Release|x64.ActiveCfg = Release|x64
		{1FD76D68-F29B-38C4-9FF7-D0C4031EB3A5}.Release|x64.Build.0 = Release|x64
		{1FD76D68-F29B-38C4-9FF7-D0C4031EB3A5}.MinSizeRel|x64.ActiveCfg = MinSizeRel|x64
		{1FD76D68-F29B-38C4-9FF7-D0C4031EB3A5}.MinSizeRel|x64.Build.0 = MinSizeRel|x64
		{1FD76D68-F29B-38C4-9FF7-D0C4031EB3A5}.RelWithDebInfo|x64.ActiveCfg = RelWithDebInfo|x64
		{1FD76D68-F29B-38C4-9FF7-D0C4031EB3A5}.RelWithDebInfo|x64.Build.0 = RelWithDebInfo|x64
		{469E5E18-21F5-387C-8F3A-1E9C50874087}.Debug|x64.ActiveCfg = Debug|x64
		{469E5E18-21F5-387C-8F3A-1E9C50874087}.Debug|x64.Build.0 = Debug|x64
		{469E5E18-21F5-387C-8F3A-1E9C50874087}.Release|x64.ActiveCfg = Release|x64
		{469E5E18-21F5-387C-8F3A-1E9C50874087}.Release|x64.Build.0 = Release|x64
		{469E5E18-21F5-387C-8F3A-1E9C50874087}.MinSizeRel|x64.ActiveCfg = MinSizeRel|x64
		{469E5E18-21F5-387C-8F3A-1E9C50874087}.MinSizeRel|x64.Build.0 = MinSizeRel|x64
		{469E5E18-21F5-387C-8F3A-1E9C50874087}.RelWithDebInfo|x64.ActiveCfg = RelWithDebInfo|x64
		{469E5E18-21F5-387C-8F3A-1E9C50874087}.RelWithDebInfo|x64.Build.0 = RelWithDebInfo|x64
	EndGlobalSection
	GlobalSection(ExtensibilityGlobals) = postSolution
		SolutionGuid = {5612AFD4-88CC-302C-9D2C-3550FF51A4E7}
	EndGlobalSection
	GlobalSection(ExtensibilityAddIns) = postSolution
	EndGlobalSection
EndGlobal
